
Microsoft Visual Studio Solution File, Format Version 12.00
# Visual Studio 15
VisualStudioVersion = 15.0.28307.960
MinimumVisualStudioVersion = 10.0.40219.1
Project("{FAE04EC0-301F-11D3-BF4B-00C04F79EFBC}") = "zivid test", "zivid test\zivid test.csproj", "{23C1FCF4-6CA4-41B4-895F-0ACE79DDAC32}"
EndProject
Global
	GlobalSection(SolutionConfigurationPlatforms) = preSolution
		Debug|Any CPU = Debug|Any CPU
		Release|Any CPU = Release|Any CPU
	EndGlobalSection
	GlobalSection(ProjectConfigurationPlatforms) = postSolution
		{23C1FCF4-6CA4-41B4-895F-0ACE79DDAC32}.Debug|Any CPU.ActiveCfg = Debug|Any CPU
		{23C1FCF4-6CA4-41B4-895F-0ACE79DDAC32}.Debug|Any CPU.Build.0 = Debug|Any CPU
		{23C1FCF4-6CA4-41B4-895F-0ACE79DDAC32}.Release|Any CPU.ActiveCfg = Release|Any CPU
		{23C1FCF4-6CA4-41B4-895F-0ACE79DDAC32}.Release|Any CPU.Build.0 = Release|Any CPU
	EndGlobalSection
	GlobalSection(SolutionProperties) = preSolution
		HideSolutionNode = FALSE
	EndGlobalSection
	GlobalSection(ExtensibilityGlobals) = postSolution
		SolutionGuid = {3001658D-C869-419D-ACE1-1F5941A35051}
	EndGlobalSection
EndGlobal
